
Microsoft Visual Studio Solution File, Format Version 12.00
# Visual Studio 2012
Project("{8BC9CEB8-8B4A-11D0-8D11-00A0C91BC942}") = "矩阵的乘法", "矩阵的乘法\矩阵的乘法.vcxproj", "{62C039D8-C335-403D-81DC-4F36DB2DB70A}"
EndProject
Global
	GlobalSection(SolutionConfigurationPlatforms) = preSolution
		Debug|Win32 = Debug|Win32
		Release|Win32 = Release|Win32
	EndGlobalSection
	GlobalSection(ProjectConfigurationPlatforms) = postSolution
		{62C039D8-C335-403D-81DC-4F36DB2DB70A}.Debug|Win32.ActiveCfg = Debug|Win32
		{62C039D8-C335-403D-81DC-4F36DB2DB70A}.Debug|Win32.Build.0 = Debug|Win32
		{62C039D8-C335-403D-81DC-4F36DB2DB70A}.Release|Win32.ActiveCfg = Release|Win32
		{62C039D8-C335-403D-81DC-4F36DB2DB70A}.Release|Win32.Build.0 = Release|Win32
	EndGlobalSection
	GlobalSection(SolutionProperties) = preSolution
		HideSolutionNode = FALSE
	EndGlobalSection
EndGlobal
