
Microsoft Visual Studio Solution File, Format Version 12.00
# Visual Studio 2012
Project("{8BC9CEB8-8B4A-11D0-8D11-00A0C91BC942}") = "08一维数组之普通查找", "08一维数组之普通查找\08一维数组之普通查找.vcxproj", "{2FEFE282-448B-4748-AA1A-A199F734B45A}"
EndProject
Global
	GlobalSection(SolutionConfigurationPlatforms) = preSolution
		Debug|Win32 = Debug|Win32
		Release|Win32 = Release|Win32
	EndGlobalSection
	GlobalSection(ProjectConfigurationPlatforms) = postSolution
		{2FEFE282-448B-4748-AA1A-A199F734B45A}.Debug|Win32.ActiveCfg = Debug|Win32
		{2FEFE282-448B-4748-AA1A-A199F734B45A}.Debug|Win32.Build.0 = Debug|Win32
		{2FEFE282-448B-4748-AA1A-A199F734B45A}.Release|Win32.ActiveCfg = Release|Win32
		{2FEFE282-448B-4748-AA1A-A199F734B45A}.Release|Win32.Build.0 = Release|Win32
	EndGlobalSection
	GlobalSection(SolutionProperties) = preSolution
		HideSolutionNode = FALSE
	EndGlobalSection
EndGlobal
